// !$*UTF8*$!
{
	archiveVersion = 1;
	classes = {
	};
	objectVersion = 56;
	objects = {

/* Begin PBXBuildFile section */
		FAD1F7932B7678A400E8524F /* AppDelegate.swift in Sources */ = {isa = PBXBuildFile; fileRef = FAD1F7922B7678A400E8524F /* AppDelegate.swift */; };
		FAD1F7952B7678A400E8524F /* SceneDelegate.swift in Sources */ = {isa = PBXBuildFile; fileRef = FAD1F7942B7678A400E8524F /* SceneDelegate.swift */; };
		FAD1F7972B7678A400E8524F /* ViewController.swift in Sources */ = {isa = PBXBuildFile; fileRef = FAD1F7962B7678A400E8524F /* ViewController.swift */; };
		FAD1F79A2B7678A400E8524F /* Main.storyboard in Resources */ = {isa = PBXBuildFile; fileRef = FAD1F7982B7678A400E8524F /* Main.storyboard */; };
		FAD1F79C2B7678A500E8524F /* Assets.xcassets in Resources */ = {isa = PBXBuildFile; fileRef = FAD1F79B2B7678A500E8524F /* Assets.xcassets */; };
		FAD1F79F2B7678A500E8524F /* LaunchScreen.storyboard in Resources */ = {isa = PBXBuildFile; fileRef = FAD1F79D2B7678A500E8524F /* LaunchScreen.storyboard */; };
		FAD1F7B52B7679A700E8524F /* NaviagtionBar.xib in Resources */ = {isa = PBXBuildFile; fileRef = FAD1F7A82B7679A700E8524F /* NaviagtionBar.xib */; };
		FAD1F7B62B7679A700E8524F /* NaviagtionBar.swift in Sources */ = {isa = PBXBuildFile; fileRef = FAD1F7A92B7679A700E8524F /* NaviagtionBar.swift */; };
		FAD1F7B72B7679A700E8524F /* CornerRadius.swift in Sources */ = {isa = PBXBuildFile; fileRef = FAD1F7AC2B7679A700E8524F /* CornerRadius.swift */; };
		FAD1F7B82B7679A700E8524F /* CountryListViewController.xib in Resources */ = {isa = PBXBuildFile; fileRef = FAD1F7B22B7679A700E8524F /* CountryListViewController.xib */; };
		FAD1F7B92B7679A700E8524F /* CountryListViewController.swift in Sources */ = {isa = PBXBuildFile; fileRef = FAD1F7B42B7679A700E8524F /* CountryListViewController.swift */; };
		FAD1F7BC2B767D8F00E8524F /* CountryCell.swift in Sources */ = {isa = PBXBuildFile; fileRef = FAD1F7BA2B767D8F00E8524F /* CountryCell.swift */; };
		FAD1F7BD2B767D8F00E8524F /* CountryCell.xib in Resources */ = {isa = PBXBuildFile; fileRef = FAD1F7BB2B767D8F00E8524F /* CountryCell.xib */; };
/* End PBXBuildFile section */

/* Begin PBXFileReference section */
		FAD1F78F2B7678A300E8524F /* WrkSpot.app */ = {isa = PBXFileReference; explicitFileType = wrapper.application; includeInIndex = 0; path = WrkSpot.app; sourceTree = BUILT_PRODUCTS_DIR; };
		FAD1F7922B7678A400E8524F /* AppDelegate.swift */ = {isa = PBXFileReference; lastKnownFileType = sourcecode.swift; path = AppDelegate.swift; sourceTree = "<group>"; };
		FAD1F7942B7678A400E8524F /* SceneDelegate.swift */ = {isa = PBXFileReference; lastKnownFileType = sourcecode.swift; path = SceneDelegate.swift; sourceTree = "<group>"; };
		FAD1F7962B7678A400E8524F /* ViewController.swift */ = {isa = PBXFileReference; lastKnownFileType = sourcecode.swift; path = ViewController.swift; sourceTree = "<group>"; };
		FAD1F7992B7678A400E8524F /* Base */ = {isa = PBXFileReference; lastKnownFileType = file.storyboard; name = Base; path = Base.lproj/Main.storyboard; sourceTree = "<group>"; };
		FAD1F79B2B7678A500E8524F /* Assets.xcassets */ = {isa = PBXFileReference; lastKnownFileType = folder.assetcatalog; path = Assets.xcassets; sourceTree = "<group>"; };
		FAD1F79E2B7678A500E8524F /* Base */ = {isa = PBXFileReference; lastKnownFileType = file.storyboard; name = Base; path = Base.lproj/LaunchScreen.storyboard; sourceTree = "<group>"; };
		FAD1F7A02B7678A500E8524F /* Info.plist */ = {isa = PBXFileReference; lastKnownFileType = text.plist.xml; path = Info.plist; sourceTree = "<group>"; };
		FAD1F7A82B7679A700E8524F /* NaviagtionBar.xib */ = {isa = PBXFileReference; fileEncoding = 4; lastKnownFileType = file.xib; path = NaviagtionBar.xib; sourceTree = "<group>"; };
		FAD1F7A92B7679A700E8524F /* NaviagtionBar.swift */ = {isa = PBXFileReference; fileEncoding = 4; lastKnownFileType = sourcecode.swift; path = NaviagtionBar.swift; sourceTree = "<group>"; };
		FAD1F7AC2B7679A700E8524F /* CornerRadius.swift */ = {isa = PBXFileReference; fileEncoding = 4; lastKnownFileType = sourcecode.swift; path = CornerRadius.swift; sourceTree = "<group>"; };
		FAD1F7B22B7679A700E8524F /* CountryListViewController.xib */ = {isa = PBXFileReference; fileEncoding = 4; lastKnownFileType = file.xib; path = CountryListViewController.xib; sourceTree = "<group>"; };
		FAD1F7B42B7679A700E8524F /* CountryListViewController.swift */ = {isa = PBXFileReference; fileEncoding = 4; lastKnownFileType = sourcecode.swift; path = CountryListViewController.swift; sourceTree = "<group>"; };
		FAD1F7BA2B767D8F00E8524F /* CountryCell.swift */ = {isa = PBXFileReference; lastKnownFileType = sourcecode.swift; path = CountryCell.swift; sourceTree = "<group>"; };
		FAD1F7BB2B767D8F00E8524F /* CountryCell.xib */ = {isa = PBXFileReference; lastKnownFileType = file.xib; path = CountryCell.xib; sourceTree = "<group>"; };
/* End PBXFileReference section */

/* Begin PBXFrameworksBuildPhase section */
		FAD1F78C2B7678A300E8524F /* Frameworks */ = {
			isa = PBXFrameworksBuildPhase;
			buildActionMask = 2147483647;
			files = (
			);
			runOnlyForDeploymentPostprocessing = 0;
		};
/* End PBXFrameworksBuildPhase section */

/* Begin PBXGroup section */
		FAD1F7862B7678A300E8524F = {
			isa = PBXGroup;
			children = (
				FAD1F7912B7678A300E8524F /* WrkSpot */,
				FAD1F7902B7678A300E8524F /* Products */,
			);
			sourceTree = "<group>";
		};
		FAD1F7902B7678A300E8524F /* Products */ = {
			isa = PBXGroup;
			children = (
				FAD1F78F2B7678A300E8524F /* WrkSpot.app */,
			);
			name = Products;
			sourceTree = "<group>";
		};
		FAD1F7912B7678A300E8524F /* WrkSpot */ = {
			isa = PBXGroup;
			children = (
				FAD1F7AA2B7679A700E8524F /* Extensions */,
				FAD1F7AD2B7679A700E8524F /* Feature */,
				FAD1F7A62B7679A700E8524F /* SharedUIComponant */,
				FAD1F7922B7678A400E8524F /* AppDelegate.swift */,
				FAD1F7942B7678A400E8524F /* SceneDelegate.swift */,
				FAD1F7962B7678A400E8524F /* ViewController.swift */,
				FAD1F7982B7678A400E8524F /* Main.storyboard */,
				FAD1F79B2B7678A500E8524F /* Assets.xcassets */,
				FAD1F79D2B7678A500E8524F /* LaunchScreen.storyboard */,
				FAD1F7A02B7678A500E8524F /* Info.plist */,
			);
			path = WrkSpot;
			sourceTree = "<group>";
		};
		FAD1F7A62B7679A700E8524F /* SharedUIComponant */ = {
			isa = PBXGroup;
			children = (
				FAD1F7A72B7679A700E8524F /* NavigationBar */,
			);
			path = SharedUIComponant;
			sourceTree = "<group>";
		};
		FAD1F7A72B7679A700E8524F /* NavigationBar */ = {
			isa = PBXGroup;
			children = (
				FAD1F7A82B7679A700E8524F /* NaviagtionBar.xib */,
				FAD1F7A92B7679A700E8524F /* NaviagtionBar.swift */,
			);
			path = NavigationBar;
			sourceTree = "<group>";
		};
		FAD1F7AA2B7679A700E8524F /* Extensions */ = {
			isa = PBXGroup;
			children = (
				FAD1F7AB2B7679A700E8524F /* Enums */,
			);
			path = Extensions;
			sourceTree = "<group>";
		};
		FAD1F7AB2B7679A700E8524F /* Enums */ = {
			isa = PBXGroup;
			children = (
				FAD1F7AC2B7679A700E8524F /* CornerRadius.swift */,
			);
			path = Enums;
			sourceTree = "<group>";
		};
		FAD1F7AD2B7679A700E8524F /* Feature */ = {
			isa = PBXGroup;
			children = (
				FAD1F7AE2B7679A700E8524F /* CountryList */,
			);
			path = Feature;
			sourceTree = "<group>";
		};
		FAD1F7AE2B7679A700E8524F /* CountryList */ = {
			isa = PBXGroup;
			children = (
				FAD1F7AF2B7679A700E8524F /* ViewModel */,
				FAD1F7B02B7679A700E8524F /* Model */,
				FAD1F7B12B7679A700E8524F /* View */,
			);
			path = CountryList;
			sourceTree = "<group>";
		};
		FAD1F7AF2B7679A700E8524F /* ViewModel */ = {
			isa = PBXGroup;
			children = (
			);
			path = ViewModel;
			sourceTree = "<group>";
		};
		FAD1F7B02B7679A700E8524F /* Model */ = {
			isa = PBXGroup;
			children = (
			);
			path = Model;
			sourceTree = "<group>";
		};
		FAD1F7B12B7679A700E8524F /* View */ = {
			isa = PBXGroup;
			children = (
				FAD1F7B22B7679A700E8524F /* CountryListViewController.xib */,
				FAD1F7B32B7679A700E8524F /* Cell */,
				FAD1F7B42B7679A700E8524F /* CountryListViewController.swift */,
			);
			path = View;
			sourceTree = "<group>";
		};
		FAD1F7B32B7679A700E8524F /* Cell */ = {
			isa = PBXGroup;
			children = (
				FAD1F7BA2B767D8F00E8524F /* CountryCell.swift */,
				FAD1F7BB2B767D8F00E8524F /* CountryCell.xib */,
			);
			path = Cell;
			sourceTree = "<group>";
		};
/* End PBXGroup section */

/* Begin PBXNativeTarget section */
		FAD1F78E2B7678A300E8524F /* WrkSpot */ = {
			isa = PBXNativeTarget;
			buildConfigurationList = FAD1F7A32B7678A500E8524F /* Build configuration list for PBXNativeTarget "WrkSpot" */;
			buildPhases = (
				FAD1F78B2B7678A300E8524F /* Sources */,
				FAD1F78C2B7678A300E8524F /* Frameworks */,
				FAD1F78D2B7678A300E8524F /* Resources */,
			);
			buildRules = (
			);
			dependencies = (
			);
			name = WrkSpot;
			productName = WrkSpot;
			productReference = FAD1F78F2B7678A300E8524F /* WrkSpot.app */;
			productType = "com.apple.product-type.application";
		};
/* End PBXNativeTarget section */

/* Begin PBXProject section */
		FAD1F7872B7678A300E8524F /* Project object */ = {
			isa = PBXProject;
			attributes = {
				BuildIndependentTargetsInParallel = 1;
				LastSwiftUpdateCheck = 1520;
				LastUpgradeCheck = 1520;
				TargetAttributes = {
					FAD1F78E2B7678A300E8524F = {
						CreatedOnToolsVersion = 15.2;
					};
				};
			};
			buildConfigurationList = FAD1F78A2B7678A300E8524F /* Build configuration list for PBXProject "WrkSpot" */;
			compatibilityVersion = "Xcode 14.0";
			developmentRegion = en;
			hasScannedForEncodings = 0;
			knownRegions = (
				en,
				Base,
			);
			mainGroup = FAD1F7862B7678A300E8524F;
			productRefGroup = FAD1F7902B7678A300E8524F /* Products */;
			projectDirPath = "";
			projectRoot = "";
			targets = (
				FAD1F78E2B7678A300E8524F /* WrkSpot */,
			);
		};
/* End PBXProject section */

/* Begin PBXResourcesBuildPhase section */
		FAD1F78D2B7678A300E8524F /* Resources */ = {
			isa = PBXResourcesBuildPhase;
			buildActionMask = 2147483647;
			files = (
				FAD1F7BD2B767D8F00E8524F /* CountryCell.xib in Resources */,
				FAD1F7B82B7679A700E8524F /* CountryListViewController.xib in Resources */,
				FAD1F79F2B7678A500E8524F /* LaunchScreen.storyboard in Resources */,
				FAD1F79C2B7678A500E8524F /* Assets.xcassets in Resources */,
				FAD1F79A2B7678A400E8524F /* Main.storyboard in Resources */,
				FAD1F7B52B7679A700E8524F /* NaviagtionBar.xib in Resources */,
			);
			runOnlyForDeploymentPostprocessing = 0;
		};
/* End PBXResourcesBuildPhase section */

/* Begin PBXSourcesBuildPhase section */
		FAD1F78B2B7678A300E8524F /* Sources */ = {
			isa = PBXSourcesBuildPhase;
			buildActionMask = 2147483647;
			files = (
				FAD1F7972B7678A400E8524F /* ViewController.swift in Sources */,
				FAD1F7B92B7679A700E8524F /* CountryListViewController.swift in Sources */,
				FAD1F7932B7678A400E8524F /* AppDelegate.swift in Sources */,
				FAD1F7B72B7679A700E8524F /* CornerRadius.swift in Sources */,
				FAD1F7952B7678A400E8524F /* SceneDelegate.swift in Sources */,
				FAD1F7B62B7679A700E8524F /* NaviagtionBar.swift in Sources */,
				FAD1F7BC2B767D8F00E8524F /* CountryCell.swift in Sources */,
			);
			runOnlyForDeploymentPostprocessing = 0;
		};
/* End PBXSourcesBuildPhase section */

/* Begin PBXVariantGroup section */
		FAD1F7982B7678A400E8524F /* Main.storyboard */ = {
			isa = PBXVariantGroup;
			children = (
				FAD1F7992B7678A400E8524F /* Base */,
			);
			name = Main.storyboard;
			sourceTree = "<group>";
		};
		FAD1F79D2B7678A500E8524F /* LaunchScreen.storyboard */ = {
			isa = PBXVariantGroup;
			children = (
				FAD1F79E2B7678A500E8524F /* Base */,
			);
			name = LaunchScreen.storyboard;
			sourceTree = "<group>";
		};
/* End PBXVariantGroup section */

/* Begin XCBuildConfiguration section */
		FAD1F7A12B7678A500E8524F /* Debug */ = {
			isa = XCBuildConfiguration;
			buildSettings = {
				ALWAYS_SEARCH_USER_PATHS = NO;
				ASSETCATALOG_COMPILER_GENERATE_SWIFT_ASSET_SYMBOL_EXTENSIONS = YES;
				CLANG_ANALYZER_NONNULL = YES;
				CLANG_ANALYZER_NUMBER_OBJECT_CONVERSION = YES_AGGRESSIVE;
				CLANG_CXX_LANGUAGE_STANDARD = "gnu++20";
				CLANG_ENABLE_MODULES = YES;
				CLANG_ENABLE_OBJC_ARC = YES;
				CLANG_ENABLE_OBJC_WEAK = YES;
				CLANG_WARN_BLOCK_CAPTURE_AUTORELEASING = YES;
				CLANG_WARN_BOOL_CONVERSION = YES;
				CLANG_WARN_COMMA = YES;
				CLANG_WARN_CONSTANT_CONVERSION = YES;
				CLANG_WARN_DEPRECATED_OBJC_IMPLEMENTATIONS = YES;
				CLANG_WARN_DIRECT_OBJC_ISA_USAGE = YES_ERROR;
				CLANG_WARN_DOCUMENTATION_COMMENTS = YES;
				CLANG_WARN_EMPTY_BODY = YES;
				CLANG_WARN_ENUM_CONVERSION = YES;
				CLANG_WARN_INFINITE_RECURSION = YES;
				CLANG_WARN_INT_CONVERSION = YES;
				CLANG_WARN_NON_LITERAL_NULL_CONVERSION = YES;
				CLANG_WARN_OBJC_IMPLICIT_RETAIN_SELF = YES;
				CLANG_WARN_OBJC_LITERAL_CONVERSION = YES;
				CLANG_WARN_OBJC_ROOT_CLASS = YES_ERROR;
				CLANG_WARN_QUOTED_INCLUDE_IN_FRAMEWORK_HEADER = YES;
				CLANG_WARN_RANGE_LOOP_ANALYSIS = YES;
				CLANG_WARN_STRICT_PROTOTYPES = YES;
				CLANG_WARN_SUSPICIOUS_MOVE = YES;
				CLANG_WARN_UNGUARDED_AVAILABILITY = YES_AGGRESSIVE;
				CLANG_WARN_UNREACHABLE_CODE = YES;
				CLANG_WARN__DUPLICATE_METHOD_MATCH = YES;
				COPY_PHASE_STRIP = NO;
				DEBUG_INFORMATION_FORMAT = dwarf;
				ENABLE_STRICT_OBJC_MSGSEND = YES;
				ENABLE_TESTABILITY = YES;
				ENABLE_USER_SCRIPT_SANDBOXING = YES;
				GCC_C_LANGUAGE_STANDARD = gnu17;
				GCC_DYNAMIC_NO_PIC = NO;
				GCC_NO_COMMON_BLOCKS = YES;
				GCC_OPTIMIZATION_LEVEL = 0;
				GCC_PREPROCESSOR_DEFINITIONS = (
					"DEBUG=1",
					"$(inherited)",
				);
				GCC_WARN_64_TO_32_BIT_CONVERSION = YES;
				GCC_WARN_ABOUT_RETURN_TYPE = YES_ERROR;
				GCC_WARN_UNDECLARED_SELECTOR = YES;
				GCC_WARN_UNINITIALIZED_AUTOS = YES_AGGRESSIVE;
				GCC_WARN_UNUSED_FUNCTION = YES;
				GCC_WARN_UNUSED_VARIABLE = YES;
				IPHONEOS_DEPLOYMENT_TARGET = 17.2;
				LOCALIZATION_PREFERS_STRING_CATALOGS = YES;
				MTL_ENABLE_DEBUG_INFO = INCLUDE_SOURCE;
				MTL_FAST_MATH = YES;
				ONLY_ACTIVE_ARCH = YES;
				SDKROOT = iphoneos;
				SWIFT_ACTIVE_COMPILATION_CONDITIONS = "DEBUG $(inherited)";
				SWIFT_OPTIMIZATION_LEVEL = "-Onone";
			};
			name = Debug;
		};
		FAD1F7A22B7678A500E8524F /* Release */ = {
			isa = XCBuildConfiguration;
			buildSettings = {
				ALWAYS_SEARCH_USER_PATHS = NO;
				ASSETCATALOG_COMPILER_GENERATE_SWIFT_ASSET_SYMBOL_EXTENSIONS = YES;
				CLANG_ANALYZER_NONNULL = YES;
				CLANG_ANALYZER_NUMBER_OBJECT_CONVERSION = YES_AGGRESSIVE;
				CLANG_CXX_LANGUAGE_STANDARD = "gnu++20";
				CLANG_ENABLE_MODULES = YES;
				CLANG_ENABLE_OBJC_ARC = YES;
				CLANG_ENABLE_OBJC_WEAK = YES;
				CLANG_WARN_BLOCK_CAPTURE_AUTORELEASING = YES;
				CLANG_WARN_BOOL_CONVERSION = YES;
				CLANG_WARN_COMMA = YES;
				CLANG_WARN_CONSTANT_CONVERSION = YES;
				CLANG_WARN_DEPRECATED_OBJC_IMPLEMENTATIONS = YES;
				CLANG_WARN_DIRECT_OBJC_ISA_USAGE = YES_ERROR;
				CLANG_WARN_DOCUMENTATION_COMMENTS = YES;
				CLANG_WARN_EMPTY_BODY = YES;
				CLANG_WARN_ENUM_CONVERSION = YES;
				CLANG_WARN_INFINITE_RECURSION = YES;
				CLANG_WARN_INT_CONVERSION = YES;
				CLANG_WARN_NON_LITERAL_NULL_CONVERSION = YES;
				CLANG_WARN_OBJC_IMPLICIT_RETAIN_SELF = YES;
				CLANG_WARN_OBJC_LITERAL_CONVERSION = YES;
				CLANG_WARN_OBJC_ROOT_CLASS = YES_ERROR;
				CLANG_WARN_QUOTED_INCLUDE_IN_FRAMEWORK_HEADER = YES;
				CLANG_WARN_RANGE_LOOP_ANALYSIS = YES;
				CLANG_WARN_STRICT_PROTOTYPES = YES;
				CLANG_WARN_SUSPICIOUS_MOVE = YES;
				CLANG_WARN_UNGUARDED_AVAILABILITY = YES_AGGRESSIVE;
				CLANG_WARN_UNREACHABLE_CODE = YES;
				CLANG_WARN__DUPLICATE_METHOD_MATCH = YES;
				COPY_PHASE_STRIP = NO;
				DEBUG_INFORMATION_FORMAT = "dwarf-with-dsym";
				ENABLE_NS_ASSERTIONS = NO;
				ENABLE_STRICT_OBJC_MSGSEND = YES;
				ENABLE_USER_SCRIPT_SANDBOXING = YES;
				GCC_C_LANGUAGE_STANDARD = gnu17;
				GCC_NO_COMMON_BLOCKS = YES;
				GCC_WARN_64_TO_32_BIT_CONVERSION = YES;
				GCC_WARN_ABOUT_RETURN_TYPE = YES_ERROR;
				GCC_WARN_UNDECLARED_SELECTOR = YES;
				GCC_WARN_UNINITIALIZED_AUTOS = YES_AGGRESSIVE;
				GCC_WARN_UNUSED_FUNCTION = YES;
				GCC_WARN_UNUSED_VARIABLE = YES;
				IPHONEOS_DEPLOYMENT_TARGET = 17.2;
				LOCALIZATION_PREFERS_STRING_CATALOGS = YES;
				MTL_ENABLE_DEBUG_INFO = NO;
				MTL_FAST_MATH = YES;
				SDKROOT = iphoneos;
				SWIFT_COMPILATION_MODE = wholemodule;
				VALIDATE_PRODUCT = YES;
			};
			name = Release;
		};
		FAD1F7A42B7678A500E8524F /* Debug */ = {
			isa = XCBuildConfiguration;
			buildSettings = {
				ASSETCATALOG_COMPILER_APPICON_NAME = AppIcon;
				ASSETCATALOG_COMPILER_GLOBAL_ACCENT_COLOR_NAME = AccentColor;
				CODE_SIGN_STYLE = Automatic;
				CURRENT_PROJECT_VERSION = 1;
				DEVELOPMENT_TEAM = 6C7B43N8LF;
				GENERATE_INFOPLIST_FILE = YES;
				INFOPLIST_FILE = WrkSpot/Info.plist;
				INFOPLIST_KEY_UIApplicationSupportsIndirectInputEvents = YES;
				INFOPLIST_KEY_UILaunchStoryboardName = LaunchScreen;
				INFOPLIST_KEY_UIMainStoryboardFile = Main;
				INFOPLIST_KEY_UISupportedInterfaceOrientations_iPad = "UIInterfaceOrientationPortrait UIInterfaceOrientationPortraitUpsideDown UIInterfaceOrientationLandscapeLeft UIInterfaceOrientationLandscapeRight";
				INFOPLIST_KEY_UISupportedInterfaceOrientations_iPhone = "UIInterfaceOrientationPortrait UIInterfaceOrientationLandscapeLeft UIInterfaceOrientationLandscapeRight";
				LD_RUNPATH_SEARCH_PATHS = (
					"$(inherited)",
					"@executable_path/Frameworks",
				);
				MARKETING_VERSION = 1.0;
				PRODUCT_BUNDLE_IDENTIFIER = "com.wrkspot-assessment";
				PRODUCT_NAME = "$(TARGET_NAME)";
				SWIFT_EMIT_LOC_STRINGS = YES;
				SWIFT_VERSION = 5.0;
				TARGETED_DEVICE_FAMILY = "1,2";
			};
			name = Debug;
		};
		FAD1F7A52B7678A500E8524F /* Release */ = {
			isa = XCBuildConfiguration;
			buildSettings = {
				ASSETCATALOG_COMPILER_APPICON_NAME = AppIcon;
				ASSETCATALOG_COMPILER_GLOBAL_ACCENT_COLOR_NAME = AccentColor;
				CODE_SIGN_STYLE = Automatic;
				CURRENT_PROJECT_VERSION = 1;
				DEVELOPMENT_TEAM = 6C7B43N8LF;
				GENERATE_INFOPLIST_FILE = YES;
				INFOPLIST_FILE = WrkSpot/Info.plist;
				INFOPLIST_KEY_UIApplicationSupportsIndirectInputEvents = YES;
				INFOPLIST_KEY_UILaunchStoryboardName = LaunchScreen;
				INFOPLIST_KEY_UIMainStoryboardFile = Main;
				INFOPLIST_KEY_UISupportedInterfaceOrientations_iPad = "UIInterfaceOrientationPortrait UIInterfaceOrientationPortraitUpsideDown UIInterfaceOrientationLandscapeLeft UIInterfaceOrientationLandscapeRight";
				INFOPLIST_KEY_UISupportedInterfaceOrientations_iPhone = "UIInterfaceOrientationPortrait UIInterfaceOrientationLandscapeLeft UIInterfaceOrientationLandscapeRight";
				LD_RUNPATH_SEARCH_PATHS = (
					"$(inherited)",
					"@executable_path/Frameworks",
				);
				MARKETING_VERSION = 1.0;
				PRODUCT_BUNDLE_IDENTIFIER = "com.wrkspot-assessment";
				PRODUCT_NAME = "$(TARGET_NAME)";
				SWIFT_EMIT_LOC_STRINGS = YES;
				SWIFT_VERSION = 5.0;
				TARGETED_DEVICE_FAMILY = "1,2";
			};
			name = Release;
		};
/* End XCBuildConfiguration section */

/* Begin XCConfigurationList section */
		FAD1F78A2B7678A300E8524F /* Build configuration list for PBXProject "WrkSpot" */ = {
			isa = XCConfigurationList;
			buildConfigurations = (
				FAD1F7A12B7678A500E8524F /* Debug */,
				FAD1F7A22B7678A500E8524F /* Release */,
			);
			defaultConfigurationIsVisible = 0;
			defaultConfigurationName = Release;
		};
		FAD1F7A32B7678A500E8524F /* Build configuration list for PBXNativeTarget "WrkSpot" */ = {
			isa = XCConfigurationList;
			buildConfigurations = (
				FAD1F7A42B7678A500E8524F /* Debug */,
				FAD1F7A52B7678A500E8524F /* Release */,
			);
			defaultConfigurationIsVisible = 0;
			defaultConfigurationName = Release;
		};
/* End XCConfigurationList section */
	};
	rootObject = FAD1F7872B7678A300E8524F /* Project object */;
}
